
Microsoft Visual Studio Solution File, Format Version 12.00
# Visual Studio Version 17
VisualStudioVersion = 17.3.32811.315
MinimumVisualStudioVersion = 10.0.40219.1
Project("{FAE04EC0-301F-11D3-BF4B-00C04F79EFBC}") = "Nuñez-IntegradorN1-2C", "Nuñez-IntegradorN1-2C\Nuñez-IntegradorN1-2C.csproj", "{74ED0846-52BE-41D1-91F3-40D8FA6674D7}"
EndProject
Global
	GlobalSection(SolutionConfigurationPlatforms) = preSolution
		Debug|Any CPU = Debug|Any CPU
		Release|Any CPU = Release|Any CPU
	EndGlobalSection
	GlobalSection(ProjectConfigurationPlatforms) = postSolution
		{74ED0846-52BE-41D1-91F3-40D8FA6674D7}.Debug|Any CPU.ActiveCfg = Debug|Any CPU
		{74ED0846-52BE-41D1-91F3-40D8FA6674D7}.Debug|Any CPU.Build.0 = Debug|Any CPU
		{74ED0846-52BE-41D1-91F3-40D8FA6674D7}.Release|Any CPU.ActiveCfg = Release|Any CPU
		{74ED0846-52BE-41D1-91F3-40D8FA6674D7}.Release|Any CPU.Build.0 = Release|Any CPU
	EndGlobalSection
	GlobalSection(SolutionProperties) = preSolution
		HideSolutionNode = FALSE
	EndGlobalSection
	GlobalSection(ExtensibilityGlobals) = postSolution
		SolutionGuid = {EA6802FB-217C-4884-A705-5B8F6CDD3503}
	EndGlobalSection
EndGlobal
